
Microsoft Visual Studio Solution File, Format Version 12.00
# Visual Studio 14
VisualStudioVersion = 14.0.25420.1
MinimumVisualStudioVersion = 10.0.40219.1
Project("{FAE04EC0-301F-11D3-BF4B-00C04F79EFBC}") = "BindingExpression", "BindingExpression\BindingExpression.csproj", "{841E3513-6A59-4D5A-9909-88956CECA05C}"
EndProject
Project("{FAE04EC0-301F-11D3-BF4B-00C04F79EFBC}") = "Controller", "Controller\Controller.csproj", "{87EBC849-67C7-41D2-A626-F0AD7A5EE3C8}"
EndProject
Project("{FAE04EC0-301F-11D3-BF4B-00C04F79EFBC}") = "DataBinding", "DataBinding\DataBinding.csproj", "{4AB0AFFF-E667-41EE-87C8-AE0BCEBBBDC0}"
EndProject
Project("{FAE04EC0-301F-11D3-BF4B-00C04F79EFBC}") = "Repeat", "Repeat\Repeat.csproj", "{13FEE1E7-786D-42AD-940C-016163A0F67D}"
EndProject
Project("{FAE04EC0-301F-11D3-BF4B-00C04F79EFBC}") = "Events", "Events\Events.csproj", "{86B44A01-8015-4969-8634-C7FE912B89D1}"
EndProject
Global
	GlobalSection(SolutionConfigurationPlatforms) = preSolution
		Debug|Any CPU = Debug|Any CPU
		Release|Any CPU = Release|Any CPU
	EndGlobalSection
	GlobalSection(ProjectConfigurationPlatforms) = postSolution
		{841E3513-6A59-4D5A-9909-88956CECA05C}.Debug|Any CPU.ActiveCfg = Debug|Any CPU
		{841E3513-6A59-4D5A-9909-88956CECA05C}.Debug|Any CPU.Build.0 = Debug|Any CPU
		{841E3513-6A59-4D5A-9909-88956CECA05C}.Release|Any CPU.ActiveCfg = Release|Any CPU
		{841E3513-6A59-4D5A-9909-88956CECA05C}.Release|Any CPU.Build.0 = Release|Any CPU
		{87EBC849-67C7-41D2-A626-F0AD7A5EE3C8}.Debug|Any CPU.ActiveCfg = Debug|Any CPU
		{87EBC849-67C7-41D2-A626-F0AD7A5EE3C8}.Debug|Any CPU.Build.0 = Debug|Any CPU
		{87EBC849-67C7-41D2-A626-F0AD7A5EE3C8}.Release|Any CPU.ActiveCfg = Release|Any CPU
		{87EBC849-67C7-41D2-A626-F0AD7A5EE3C8}.Release|Any CPU.Build.0 = Release|Any CPU
		{4AB0AFFF-E667-41EE-87C8-AE0BCEBBBDC0}.Debug|Any CPU.ActiveCfg = Debug|Any CPU
		{4AB0AFFF-E667-41EE-87C8-AE0BCEBBBDC0}.Debug|Any CPU.Build.0 = Debug|Any CPU
		{4AB0AFFF-E667-41EE-87C8-AE0BCEBBBDC0}.Release|Any CPU.ActiveCfg = Release|Any CPU
		{4AB0AFFF-E667-41EE-87C8-AE0BCEBBBDC0}.Release|Any CPU.Build.0 = Release|Any CPU
		{13FEE1E7-786D-42AD-940C-016163A0F67D}.Debug|Any CPU.ActiveCfg = Debug|Any CPU
		{13FEE1E7-786D-42AD-940C-016163A0F67D}.Debug|Any CPU.Build.0 = Debug|Any CPU
		{13FEE1E7-786D-42AD-940C-016163A0F67D}.Release|Any CPU.ActiveCfg = Release|Any CPU
		{13FEE1E7-786D-42AD-940C-016163A0F67D}.Release|Any CPU.Build.0 = Release|Any CPU
		{86B44A01-8015-4969-8634-C7FE912B89D1}.Debug|Any CPU.ActiveCfg = Debug|Any CPU
		{86B44A01-8015-4969-8634-C7FE912B89D1}.Debug|Any CPU.Build.0 = Debug|Any CPU
		{86B44A01-8015-4969-8634-C7FE912B89D1}.Release|Any CPU.ActiveCfg = Release|Any CPU
		{86B44A01-8015-4969-8634-C7FE912B89D1}.Release|Any CPU.Build.0 = Release|Any CPU
	EndGlobalSection
	GlobalSection(SolutionProperties) = preSolution
		HideSolutionNode = FALSE
	EndGlobalSection
EndGlobal
