
Microsoft Visual Studio Solution File, Format Version 12.00
# Visual Studio 14
VisualStudioVersion = 14.0.25420.1
MinimumVisualStudioVersion = 10.0.40219.1
Project("{FAE04EC0-301F-11D3-BF4B-00C04F79EFBC}") = "BindingExpression", "BindingExpression\BindingExpression.csproj", "{841E3513-6A59-4D5A-9909-88956CECA05C}"
EndProject
Project("{FAE04EC0-301F-11D3-BF4B-00C04F79EFBC}") = "Controller", "Controller\Controller.csproj", "{87EBC849-67C7-41D2-A626-F0AD7A5EE3C8}"
EndProject
Project("{FAE04EC0-301F-11D3-BF4B-00C04F79EFBC}") = "DataBinding", "DataBinding\DataBinding.csproj", "{4AB0AFFF-E667-41EE-87C8-AE0BCEBBBDC0}"
EndProject
Project("{FAE04EC0-301F-11D3-BF4B-00C04F79EFBC}") = "Repeat", "Repeat\Repeat.csproj", "{13FEE1E7-786D-42AD-940C-016163A0F67D}"
EndProject
Project("{FAE04EC0-301F-11D3-BF4B-00C04F79EFBC}") = "Events", "Events\Events.csproj", "{86B44A01-8015-4969-8634-C7FE912B89D1}"
EndProject
Project("{FAE04EC0-301F-11D3-BF4B-00C04F79EFBC}") = "Filters", "Filters\Filters.csproj", "{AE8495D4-3A06-4201-843A-88AF61CD48F0}"
EndProject
Project("{FAE04EC0-301F-11D3-BF4B-00C04F79EFBC}") = "Sorting", "Sorting\Sorting.csproj", "{7C2A6EB7-BC38-44E6-B9AC-7E94BCF36597}"
EndProject
Project("{FAE04EC0-301F-11D3-BF4B-00C04F79EFBC}") = "SearchFilter", "SearchFilter\SearchFilter.csproj", "{F5B3F8D1-423F-45B5-A858-1F471DEBF89F}"
EndProject
Project("{FAE04EC0-301F-11D3-BF4B-00C04F79EFBC}") = "Include", "Include\Include.csproj", "{E08A2A4E-24C3-40D0-BE24-AC0AA84F58F5}"
EndProject
Project("{FAE04EC0-301F-11D3-BF4B-00C04F79EFBC}") = "ConsumeWebService", "ConsumeWebService\ConsumeWebService.csproj", "{112B697F-9E42-4D48-813F-AB4F37872503}"
EndProject
Global
	GlobalSection(SolutionConfigurationPlatforms) = preSolution
		Debug|Any CPU = Debug|Any CPU
		Release|Any CPU = Release|Any CPU
	EndGlobalSection
	GlobalSection(ProjectConfigurationPlatforms) = postSolution
		{841E3513-6A59-4D5A-9909-88956CECA05C}.Debug|Any CPU.ActiveCfg = Debug|Any CPU
		{841E3513-6A59-4D5A-9909-88956CECA05C}.Debug|Any CPU.Build.0 = Debug|Any CPU
		{841E3513-6A59-4D5A-9909-88956CECA05C}.Release|Any CPU.ActiveCfg = Release|Any CPU
		{841E3513-6A59-4D5A-9909-88956CECA05C}.Release|Any CPU.Build.0 = Release|Any CPU
		{87EBC849-67C7-41D2-A626-F0AD7A5EE3C8}.Debug|Any CPU.ActiveCfg = Debug|Any CPU
		{87EBC849-67C7-41D2-A626-F0AD7A5EE3C8}.Debug|Any CPU.Build.0 = Debug|Any CPU
		{87EBC849-67C7-41D2-A626-F0AD7A5EE3C8}.Release|Any CPU.ActiveCfg = Release|Any CPU
		{87EBC849-67C7-41D2-A626-F0AD7A5EE3C8}.Release|Any CPU.Build.0 = Release|Any CPU
		{4AB0AFFF-E667-41EE-87C8-AE0BCEBBBDC0}.Debug|Any CPU.ActiveCfg = Debug|Any CPU
		{4AB0AFFF-E667-41EE-87C8-AE0BCEBBBDC0}.Debug|Any CPU.Build.0 = Debug|Any CPU
		{4AB0AFFF-E667-41EE-87C8-AE0BCEBBBDC0}.Release|Any CPU.ActiveCfg = Release|Any CPU
		{4AB0AFFF-E667-41EE-87C8-AE0BCEBBBDC0}.Release|Any CPU.Build.0 = Release|Any CPU
		{13FEE1E7-786D-42AD-940C-016163A0F67D}.Debug|Any CPU.ActiveCfg = Debug|Any CPU
		{13FEE1E7-786D-42AD-940C-016163A0F67D}.Debug|Any CPU.Build.0 = Debug|Any CPU
		{13FEE1E7-786D-42AD-940C-016163A0F67D}.Release|Any CPU.ActiveCfg = Release|Any CPU
		{13FEE1E7-786D-42AD-940C-016163A0F67D}.Release|Any CPU.Build.0 = Release|Any CPU
		{86B44A01-8015-4969-8634-C7FE912B89D1}.Debug|Any CPU.ActiveCfg = Debug|Any CPU
		{86B44A01-8015-4969-8634-C7FE912B89D1}.Debug|Any CPU.Build.0 = Debug|Any CPU
		{86B44A01-8015-4969-8634-C7FE912B89D1}.Release|Any CPU.ActiveCfg = Release|Any CPU
		{86B44A01-8015-4969-8634-C7FE912B89D1}.Release|Any CPU.Build.0 = Release|Any CPU
		{AE8495D4-3A06-4201-843A-88AF61CD48F0}.Debug|Any CPU.ActiveCfg = Debug|Any CPU
		{AE8495D4-3A06-4201-843A-88AF61CD48F0}.Debug|Any CPU.Build.0 = Debug|Any CPU
		{AE8495D4-3A06-4201-843A-88AF61CD48F0}.Release|Any CPU.ActiveCfg = Release|Any CPU
		{AE8495D4-3A06-4201-843A-88AF61CD48F0}.Release|Any CPU.Build.0 = Release|Any CPU
		{7C2A6EB7-BC38-44E6-B9AC-7E94BCF36597}.Debug|Any CPU.ActiveCfg = Debug|Any CPU
		{7C2A6EB7-BC38-44E6-B9AC-7E94BCF36597}.Debug|Any CPU.Build.0 = Debug|Any CPU
		{7C2A6EB7-BC38-44E6-B9AC-7E94BCF36597}.Release|Any CPU.ActiveCfg = Release|Any CPU
		{7C2A6EB7-BC38-44E6-B9AC-7E94BCF36597}.Release|Any CPU.Build.0 = Release|Any CPU
		{F5B3F8D1-423F-45B5-A858-1F471DEBF89F}.Debug|Any CPU.ActiveCfg = Debug|Any CPU
		{F5B3F8D1-423F-45B5-A858-1F471DEBF89F}.Debug|Any CPU.Build.0 = Debug|Any CPU
		{F5B3F8D1-423F-45B5-A858-1F471DEBF89F}.Release|Any CPU.ActiveCfg = Release|Any CPU
		{F5B3F8D1-423F-45B5-A858-1F471DEBF89F}.Release|Any CPU.Build.0 = Release|Any CPU
		{E08A2A4E-24C3-40D0-BE24-AC0AA84F58F5}.Debug|Any CPU.ActiveCfg = Debug|Any CPU
		{E08A2A4E-24C3-40D0-BE24-AC0AA84F58F5}.Debug|Any CPU.Build.0 = Debug|Any CPU
		{E08A2A4E-24C3-40D0-BE24-AC0AA84F58F5}.Release|Any CPU.ActiveCfg = Release|Any CPU
		{E08A2A4E-24C3-40D0-BE24-AC0AA84F58F5}.Release|Any CPU.Build.0 = Release|Any CPU
		{112B697F-9E42-4D48-813F-AB4F37872503}.Debug|Any CPU.ActiveCfg = Debug|Any CPU
		{112B697F-9E42-4D48-813F-AB4F37872503}.Debug|Any CPU.Build.0 = Debug|Any CPU
		{112B697F-9E42-4D48-813F-AB4F37872503}.Release|Any CPU.ActiveCfg = Release|Any CPU
		{112B697F-9E42-4D48-813F-AB4F37872503}.Release|Any CPU.Build.0 = Release|Any CPU
	EndGlobalSection
	GlobalSection(SolutionProperties) = preSolution
		HideSolutionNode = FALSE
	EndGlobalSection
EndGlobal
